
Microsoft Visual Studio Solution File, Format Version 12.00
# Visual Studio 15
VisualStudioVersion = 15.0.27004.2008
MinimumVisualStudioVersion = 10.0.40219.1
Project("{FAE04EC0-301F-11D3-BF4B-00C04F79EFBC}") = "SQLDatabase.Net.Explorer", "SQLDatabase.Net.Explorer.csproj", "{0F904EF2-71B2-4E2B-9375-785998DD7204}"
EndProject
Global
	GlobalSection(SolutionConfigurationPlatforms) = preSolution
		Debug|Any CPU = Debug|Any CPU
		Release|Any CPU = Release|Any CPU
	EndGlobalSection
	GlobalSection(ProjectConfigurationPlatforms) = postSolution
		{0F904EF2-71B2-4E2B-9375-785998DD7204}.Debug|Any CPU.ActiveCfg = Debug|Any CPU
		{0F904EF2-71B2-4E2B-9375-785998DD7204}.Debug|Any CPU.Build.0 = Debug|Any CPU
		{0F904EF2-71B2-4E2B-9375-785998DD7204}.Release|Any CPU.ActiveCfg = Release|Any CPU
		{0F904EF2-71B2-4E2B-9375-785998DD7204}.Release|Any CPU.Build.0 = Release|Any CPU
	EndGlobalSection
	GlobalSection(SolutionProperties) = preSolution
		HideSolutionNode = FALSE
	EndGlobalSection
	GlobalSection(ExtensibilityGlobals) = postSolution
		SolutionGuid = {7E6105AA-3625-46A7-B102-74249518EEC7}
	EndGlobalSection
EndGlobal
